
Microsoft Visual Studio Solution File, Format Version 12.00
# Visual Studio Version 16
VisualStudioVersion = 16.0.33423.256
MinimumVisualStudioVersion = 10.0.40219.1
Project("{FAE04EC0-301F-11D3-BF4B-00C04F79EFBC}") = "Addition", "Addition\Addition.csproj", "{83A57391-DBB0-4581-AC5F-F499D964CBAB}"
EndProject
Global
	GlobalSection(SolutionConfigurationPlatforms) = preSolution
		Debug|Any CPU = Debug|Any CPU
		Release|Any CPU = Release|Any CPU
	EndGlobalSection
	GlobalSection(ProjectConfigurationPlatforms) = postSolution
		{83A57391-DBB0-4581-AC5F-F499D964CBAB}.Debug|Any CPU.ActiveCfg = Debug|Any CPU
		{83A57391-DBB0-4581-AC5F-F499D964CBAB}.Debug|Any CPU.Build.0 = Debug|Any CPU
		{83A57391-DBB0-4581-AC5F-F499D964CBAB}.Release|Any CPU.ActiveCfg = Release|Any CPU
		{83A57391-DBB0-4581-AC5F-F499D964CBAB}.Release|Any CPU.Build.0 = Release|Any CPU
	EndGlobalSection
	GlobalSection(SolutionProperties) = preSolution
		HideSolutionNode = FALSE
	EndGlobalSection
	GlobalSection(ExtensibilityGlobals) = postSolution
		SolutionGuid = {9FE8E942-8E17-4168-889B-AA16DE812E6C}
	EndGlobalSection
EndGlobal
